
Microsoft Visual Studio Solution File, Format Version 12.00
# Visual Studio Version 17
VisualStudioVersion = 17.9.34728.123
MinimumVisualStudioVersion = 10.0.40219.1
Project("{9A19103F-16F7-4668-BE54-9A1E7A4F7556}") = "MarcaTento", "MarcaTento.csproj", "{AFA3D4B0-E8F2-4217-A1F7-1D8E012DD697}"
EndProject
Global
	GlobalSection(SolutionConfigurationPlatforms) = preSolution
		Debug|Any CPU = Debug|Any CPU
		Release|Any CPU = Release|Any CPU
	EndGlobalSection
	GlobalSection(ProjectConfigurationPlatforms) = postSolution
		{AFA3D4B0-E8F2-4217-A1F7-1D8E012DD697}.Debug|Any CPU.ActiveCfg = Debug|Any CPU
		{AFA3D4B0-E8F2-4217-A1F7-1D8E012DD697}.Debug|Any CPU.Build.0 = Debug|Any CPU
		{AFA3D4B0-E8F2-4217-A1F7-1D8E012DD697}.Release|Any CPU.ActiveCfg = Release|Any CPU
		{AFA3D4B0-E8F2-4217-A1F7-1D8E012DD697}.Release|Any CPU.Build.0 = Release|Any CPU
	EndGlobalSection
	GlobalSection(SolutionProperties) = preSolution
		HideSolutionNode = FALSE
	EndGlobalSection
	GlobalSection(ExtensibilityGlobals) = postSolution
		SolutionGuid = {66FF5C5B-DE65-4CE1-A8B4-CE21464B1B8A}
	EndGlobalSection
EndGlobal
